// !$*UTF8*$!
{
	archiveVersion = 1;
	classes = {
	};
	objectVersion = 50;
	objects = {

/* Begin PBXBuildFile section */
		BDD5CCD32153FB8500041F0C /* AppDelegate.m in Sources */ = {isa = PBXBuildFile; fileRef = BDD5CCD22153FB8500041F0C /* AppDelegate.m */; };
		BDD5CCD62153FB8500041F0C /* ViewController.m in Sources */ = {isa = PBXBuildFile; fileRef = BDD5CCD52153FB8500041F0C /* ViewController.m */; };
		BDD5CCD92153FB8500041F0C /* Main.storyboard in Resources */ = {isa = PBXBuildFile; fileRef = BDD5CCD72153FB8500041F0C /* Main.storyboard */; };
		BDD5CCDB2153FB8600041F0C /* Assets.xcassets in Resources */ = {isa = PBXBuildFile; fileRef = BDD5CCDA2153FB8600041F0C /* Assets.xcassets */; };
		BDD5CCDE2153FB8600041F0C /* LaunchScreen.storyboard in Resources */ = {isa = PBXBuildFile; fileRef = BDD5CCDC2153FB8600041F0C /* LaunchScreen.storyboard */; };
		BDD5CCE12153FB8600041F0C /* main.m in Sources */ = {isa = PBXBuildFile; fileRef = BDD5CCE02153FB8600041F0C /* main.m */; };
		BDD5CCEB2153FBD700041F0C /* Gate.m in Sources */ = {isa = PBXBuildFile; fileRef = BDD5CCE92153FBD700041F0C /* Gate.m */; };
		BDD5CCEC2153FBD700041F0C /* UserThread.m in Sources */ = {isa = PBXBuildFile; fileRef = BDD5CCEA2153FBD700041F0C /* UserThread.m */; };
/* End PBXBuildFile section */

/* Begin PBXFileReference section */
		BDD5CCCE2153FB8500041F0C /* SingleThreadedExecution.app */ = {isa = PBXFileReference; explicitFileType = wrapper.application; includeInIndex = 0; path = SingleThreadedExecution.app; sourceTree = BUILT_PRODUCTS_DIR; };
		BDD5CCD12153FB8500041F0C /* AppDelegate.h */ = {isa = PBXFileReference; lastKnownFileType = sourcecode.c.h; path = AppDelegate.h; sourceTree = "<group>"; };
		BDD5CCD22153FB8500041F0C /* AppDelegate.m */ = {isa = PBXFileReference; lastKnownFileType = sourcecode.c.objc; path = AppDelegate.m; sourceTree = "<group>"; };
		BDD5CCD42153FB8500041F0C /* ViewController.h */ = {isa = PBXFileReference; lastKnownFileType = sourcecode.c.h; path = ViewController.h; sourceTree = "<group>"; };
		BDD5CCD52153FB8500041F0C /* ViewController.m */ = {isa = PBXFileReference; lastKnownFileType = sourcecode.c.objc; path = ViewController.m; sourceTree = "<group>"; };
		BDD5CCD82153FB8500041F0C /* Base */ = {isa = PBXFileReference; lastKnownFileType = file.storyboard; name = Base; path = Base.lproj/Main.storyboard; sourceTree = "<group>"; };
		BDD5CCDA2153FB8600041F0C /* Assets.xcassets */ = {isa = PBXFileReference; lastKnownFileType = folder.assetcatalog; path = Assets.xcassets; sourceTree = "<group>"; };
		BDD5CCDD2153FB8600041F0C /* Base */ = {isa = PBXFileReference; lastKnownFileType = file.storyboard; name = Base; path = Base.lproj/LaunchScreen.storyboard; sourceTree = "<group>"; };
		BDD5CCDF2153FB8600041F0C /* Info.plist */ = {isa = PBXFileReference; lastKnownFileType = text.plist.xml; path = Info.plist; sourceTree = "<group>"; };
		BDD5CCE02153FB8600041F0C /* main.m */ = {isa = PBXFileReference; lastKnownFileType = sourcecode.c.objc; path = main.m; sourceTree = "<group>"; };
		BDD5CCE72153FBD700041F0C /* UserThread.h */ = {isa = PBXFileReference; fileEncoding = 4; lastKnownFileType = sourcecode.c.h; path = UserThread.h; sourceTree = "<group>"; };
		BDD5CCE82153FBD700041F0C /* Gate.h */ = {isa = PBXFileReference; fileEncoding = 4; lastKnownFileType = sourcecode.c.h; path = Gate.h; sourceTree = "<group>"; };
		BDD5CCE92153FBD700041F0C /* Gate.m */ = {isa = PBXFileReference; fileEncoding = 4; lastKnownFileType = sourcecode.c.objc; path = Gate.m; sourceTree = "<group>"; };
		BDD5CCEA2153FBD700041F0C /* UserThread.m */ = {isa = PBXFileReference; fileEncoding = 4; lastKnownFileType = sourcecode.c.objc; path = UserThread.m; sourceTree = "<group>"; };
/* End PBXFileReference section */

/* Begin PBXFrameworksBuildPhase section */
		BDD5CCCB2153FB8500041F0C /* Frameworks */ = {
			isa = PBXFrameworksBuildPhase;
			buildActionMask = 2147483647;
			files = (
			);
			runOnlyForDeploymentPostprocessing = 0;
		};
/* End PBXFrameworksBuildPhase section */

/* Begin PBXGroup section */
		BDD5CCC52153FB8500041F0C = {
			isa = PBXGroup;
			children = (
				BDD5CCD02153FB8500041F0C /* SingleThreadedExecution */,
				BDD5CCCF2153FB8500041F0C /* Products */,
			);
			sourceTree = "<group>";
		};
		BDD5CCCF2153FB8500041F0C /* Products */ = {
			isa = PBXGroup;
			children = (
				BDD5CCCE2153FB8500041F0C /* SingleThreadedExecution.app */,
			);
			name = Products;
			sourceTree = "<group>";
		};
		BDD5CCD02153FB8500041F0C /* SingleThreadedExecution */ = {
			isa = PBXGroup;
			children = (
				BDD5CCE82153FBD700041F0C /* Gate.h */,
				BDD5CCE92153FBD700041F0C /* Gate.m */,
				BDD5CCE72153FBD700041F0C /* UserThread.h */,
				BDD5CCEA2153FBD700041F0C /* UserThread.m */,
				BDD5CCD12153FB8500041F0C /* AppDelegate.h */,
				BDD5CCD22153FB8500041F0C /* AppDelegate.m */,
				BDD5CCD42153FB8500041F0C /* ViewController.h */,
				BDD5CCD52153FB8500041F0C /* ViewController.m */,
				BDD5CCD72153FB8500041F0C /* Main.storyboard */,
				BDD5CCDA2153FB8600041F0C /* Assets.xcassets */,
				BDD5CCDC2153FB8600041F0C /* LaunchScreen.storyboard */,
				BDD5CCDF2153FB8600041F0C /* Info.plist */,
				BDD5CCE02153FB8600041F0C /* main.m */,
			);
			path = SingleThreadedExecution;
			sourceTree = "<group>";
		};
/* End PBXGroup section */

/* Begin PBXNativeTarget section */
		BDD5CCCD2153FB8500041F0C /* SingleThreadedExecution */ = {
			isa = PBXNativeTarget;
			buildConfigurationList = BDD5CCE42153FB8600041F0C /* Build configuration list for PBXNativeTarget "SingleThreadedExecution" */;
			buildPhases = (
				BDD5CCCA2153FB8500041F0C /* Sources */,
				BDD5CCCB2153FB8500041F0C /* Frameworks */,
				BDD5CCCC2153FB8500041F0C /* Resources */,
			);
			buildRules = (
			);
			dependencies = (
			);
			name = SingleThreadedExecution;
			productName = SingleThreadedExecution;
			productReference = BDD5CCCE2153FB8500041F0C /* SingleThreadedExecution.app */;
			productType = "com.apple.product-type.application";
		};
/* End PBXNativeTarget section */

/* Begin PBXProject section */
		BDD5CCC62153FB8500041F0C /* Project object */ = {
			isa = PBXProject;
			attributes = {
				LastUpgradeCheck = 0940;
				ORGANIZATIONNAME = shima0215;
				TargetAttributes = {
					BDD5CCCD2153FB8500041F0C = {
						CreatedOnToolsVersion = 9.4.1;
					};
				};
			};
			buildConfigurationList = BDD5CCC92153FB8500041F0C /* Build configuration list for PBXProject "SingleThreadedExecution" */;
			compatibilityVersion = "Xcode 9.3";
			developmentRegion = en;
			hasScannedForEncodings = 0;
			knownRegions = (
				en,
				Base,
			);
			mainGroup = BDD5CCC52153FB8500041F0C;
			productRefGroup = BDD5CCCF2153FB8500041F0C /* Products */;
			projectDirPath = "";
			projectRoot = "";
			targets = (
				BDD5CCCD2153FB8500041F0C /* SingleThreadedExecution */,
			);
		};
/* End PBXProject section */

/* Begin PBXResourcesBuildPhase section */
		BDD5CCCC2153FB8500041F0C /* Resources */ = {
			isa = PBXResourcesBuildPhase;
			buildActionMask = 2147483647;
			files = (
				BDD5CCDE2153FB8600041F0C /* LaunchScreen.storyboard in Resources */,
				BDD5CCDB2153FB8600041F0C /* Assets.xcassets in Resources */,
				BDD5CCD92153FB8500041F0C /* Main.storyboard in Resources */,
			);
			runOnlyForDeploymentPostprocessing = 0;
		};
/* End PBXResourcesBuildPhase section */

/* Begin PBXSourcesBuildPhase section */
		BDD5CCCA2153FB8500041F0C /* Sources */ = {
			isa = PBXSourcesBuildPhase;
			buildActionMask = 2147483647;
			files = (
				BDD5CCD62153FB8500041F0C /* ViewController.m in Sources */,
				BDD5CCEC2153FBD700041F0C /* UserThread.m in Sources */,
				BDD5CCE12153FB8600041F0C /* main.m in Sources */,
				BDD5CCEB2153FBD700041F0C /* Gate.m in Sources */,
				BDD5CCD32153FB8500041F0C /* AppDelegate.m in Sources */,
			);
			runOnlyForDeploymentPostprocessing = 0;
		};
/* End PBXSourcesBuildPhase section */

/* Begin PBXVariantGroup section */
		BDD5CCD72153FB8500041F0C /* Main.storyboard */ = {
			isa = PBXVariantGroup;
			children = (
				BDD5CCD82153FB8500041F0C /* Base */,
			);
			name = Main.storyboard;
			sourceTree = "<group>";
		};
		BDD5CCDC2153FB8600041F0C /* LaunchScreen.storyboard */ = {
			isa = PBXVariantGroup;
			children = (
				BDD5CCDD2153FB8600041F0C /* Base */,
			);
			name = LaunchScreen.storyboard;
			sourceTree = "<group>";
		};
/* End PBXVariantGroup section */

/* Begin XCBuildConfiguration section */
		BDD5CCE22153FB8600041F0C /* Debug */ = {
			isa = XCBuildConfiguration;
			buildSettings = {
				ALWAYS_SEARCH_USER_PATHS = NO;
				CLANG_ANALYZER_NONNULL = YES;
				CLANG_ANALYZER_NUMBER_OBJECT_CONVERSION = YES_AGGRESSIVE;
				CLANG_CXX_LANGUAGE_STANDARD = "gnu++14";
				CLANG_CXX_LIBRARY = "libc++";
				CLANG_ENABLE_MODULES = YES;
				CLANG_ENABLE_OBJC_ARC = YES;
				CLANG_ENABLE_OBJC_WEAK = YES;
				CLANG_WARN_BLOCK_CAPTURE_AUTORELEASING = YES;
				CLANG_WARN_BOOL_CONVERSION = YES;
				CLANG_WARN_COMMA = YES;
				CLANG_WARN_CONSTANT_CONVERSION = YES;
				CLANG_WARN_DEPRECATED_OBJC_IMPLEMENTATIONS = YES;
				CLANG_WARN_DIRECT_OBJC_ISA_USAGE = YES_ERROR;
				CLANG_WARN_DOCUMENTATION_COMMENTS = YES;
				CLANG_WARN_EMPTY_BODY = YES;
				CLANG_WARN_ENUM_CONVERSION = YES;
				CLANG_WARN_INFINITE_RECURSION = YES;
				CLANG_WARN_INT_CONVERSION = YES;
				CLANG_WARN_NON_LITERAL_NULL_CONVERSION = YES;
				CLANG_WARN_OBJC_IMPLICIT_RETAIN_SELF = YES;
				CLANG_WARN_OBJC_LITERAL_CONVERSION = YES;
				CLANG_WARN_OBJC_ROOT_CLASS = YES_ERROR;
				CLANG_WARN_RANGE_LOOP_ANALYSIS = YES;
				CLANG_WARN_STRICT_PROTOTYPES = YES;
				CLANG_WARN_SUSPICIOUS_MOVE = YES;
				CLANG_WARN_UNGUARDED_AVAILABILITY = YES_AGGRESSIVE;
				CLANG_WARN_UNREACHABLE_CODE = YES;
				CLANG_WARN__DUPLICATE_METHOD_MATCH = YES;
				CODE_SIGN_IDENTITY = "iPhone Developer";
				COPY_PHASE_STRIP = NO;
				DEBUG_INFORMATION_FORMAT = dwarf;
				ENABLE_STRICT_OBJC_MSGSEND = YES;
				ENABLE_TESTABILITY = YES;
				GCC_C_LANGUAGE_STANDARD = gnu11;
				GCC_DYNAMIC_NO_PIC = NO;
				GCC_NO_COMMON_BLOCKS = YES;
				GCC_OPTIMIZATION_LEVEL = 0;
				GCC_PREPROCESSOR_DEFINITIONS = (
					"DEBUG=1",
					"$(inherited)",
				);
				GCC_WARN_64_TO_32_BIT_CONVERSION = YES;
				GCC_WARN_ABOUT_RETURN_TYPE = YES_ERROR;
				GCC_WARN_UNDECLARED_SELECTOR = YES;
				GCC_WARN_UNINITIALIZED_AUTOS = YES_AGGRESSIVE;
				GCC_WARN_UNUSED_FUNCTION = YES;
				GCC_WARN_UNUSED_VARIABLE = YES;
				IPHONEOS_DEPLOYMENT_TARGET = 11.4;
				MTL_ENABLE_DEBUG_INFO = YES;
				ONLY_ACTIVE_ARCH = YES;
				SDKROOT = iphoneos;
			};
			name = Debug;
		};
		BDD5CCE32153FB8600041F0C /* Release */ = {
			isa = XCBuildConfiguration;
			buildSettings = {
				ALWAYS_SEARCH_USER_PATHS = NO;
				CLANG_ANALYZER_NONNULL = YES;
				CLANG_ANALYZER_NUMBER_OBJECT_CONVERSION = YES_AGGRESSIVE;
				CLANG_CXX_LANGUAGE_STANDARD = "gnu++14";
				CLANG_CXX_LIBRARY = "libc++";
				CLANG_ENABLE_MODULES = YES;
				CLANG_ENABLE_OBJC_ARC = YES;
				CLANG_ENABLE_OBJC_WEAK = YES;
				CLANG_WARN_BLOCK_CAPTURE_AUTORELEASING = YES;
				CLANG_WARN_BOOL_CONVERSION = YES;
				CLANG_WARN_COMMA = YES;
				CLANG_WARN_CONSTANT_CONVERSION = YES;
				CLANG_WARN_DEPRECATED_OBJC_IMPLEMENTATIONS = YES;
				CLANG_WARN_DIRECT_OBJC_ISA_USAGE = YES_ERROR;
				CLANG_WARN_DOCUMENTATION_COMMENTS = YES;
				CLANG_WARN_EMPTY_BODY = YES;
				CLANG_WARN_ENUM_CONVERSION = YES;
				CLANG_WARN_INFINITE_RECURSION = YES;
				CLANG_WARN_INT_CONVERSION = YES;
				CLANG_WARN_NON_LITERAL_NULL_CONVERSION = YES;
				CLANG_WARN_OBJC_IMPLICIT_RETAIN_SELF = YES;
				CLANG_WARN_OBJC_LITERAL_CONVERSION = YES;
				CLANG_WARN_OBJC_ROOT_CLASS = YES_ERROR;
				CLANG_WARN_RANGE_LOOP_ANALYSIS = YES;
				CLANG_WARN_STRICT_PROTOTYPES = YES;
				CLANG_WARN_SUSPICIOUS_MOVE = YES;
				CLANG_WARN_UNGUARDED_AVAILABILITY = YES_AGGRESSIVE;
				CLANG_WARN_UNREACHABLE_CODE = YES;
				CLANG_WARN__DUPLICATE_METHOD_MATCH = YES;
				CODE_SIGN_IDENTITY = "iPhone Developer";
				COPY_PHASE_STRIP = NO;
				DEBUG_INFORMATION_FORMAT = "dwarf-with-dsym";
				ENABLE_NS_ASSERTIONS = NO;
				ENABLE_STRICT_OBJC_MSGSEND = YES;
				GCC_C_LANGUAGE_STANDARD = gnu11;
				GCC_NO_COMMON_BLOCKS = YES;
				GCC_WARN_64_TO_32_BIT_CONVERSION = YES;
				GCC_WARN_ABOUT_RETURN_TYPE = YES_ERROR;
				GCC_WARN_UNDECLARED_SELECTOR = YES;
				GCC_WARN_UNINITIALIZED_AUTOS = YES_AGGRESSIVE;
				GCC_WARN_UNUSED_FUNCTION = YES;
				GCC_WARN_UNUSED_VARIABLE = YES;
				IPHONEOS_DEPLOYMENT_TARGET = 11.4;
				MTL_ENABLE_DEBUG_INFO = NO;
				SDKROOT = iphoneos;
				VALIDATE_PRODUCT = YES;
			};
			name = Release;
		};
		BDD5CCE52153FB8600041F0C /* Debug */ = {
			isa = XCBuildConfiguration;
			buildSettings = {
				ASSETCATALOG_COMPILER_APPICON_NAME = AppIcon;
				CODE_SIGN_STYLE = Automatic;
				INFOPLIST_FILE = SingleThreadedExecution/Info.plist;
				LD_RUNPATH_SEARCH_PATHS = (
					"$(inherited)",
					"@executable_path/Frameworks",
				);
				PRODUCT_BUNDLE_IDENTIFIER = co.jp.SingleThreadedExecution;
				PRODUCT_NAME = "$(TARGET_NAME)";
				TARGETED_DEVICE_FAMILY = "1,2";
			};
			name = Debug;
		};
		BDD5CCE62153FB8600041F0C /* Release */ = {
			isa = XCBuildConfiguration;
			buildSettings = {
				ASSETCATALOG_COMPILER_APPICON_NAME = AppIcon;
				CODE_SIGN_STYLE = Automatic;
				INFOPLIST_FILE = SingleThreadedExecution/Info.plist;
				LD_RUNPATH_SEARCH_PATHS = (
					"$(inherited)",
					"@executable_path/Frameworks",
				);
				PRODUCT_BUNDLE_IDENTIFIER = co.jp.SingleThreadedExecution;
				PRODUCT_NAME = "$(TARGET_NAME)";
				TARGETED_DEVICE_FAMILY = "1,2";
			};
			name = Release;
		};
/* End XCBuildConfiguration section */

/* Begin XCConfigurationList section */
		BDD5CCC92153FB8500041F0C /* Build configuration list for PBXProject "SingleThreadedExecution" */ = {
			isa = XCConfigurationList;
			buildConfigurations = (
				BDD5CCE22153FB8600041F0C /* Debug */,
				BDD5CCE32153FB8600041F0C /* Release */,
			);
			defaultConfigurationIsVisible = 0;
			defaultConfigurationName = Release;
		};
		BDD5CCE42153FB8600041F0C /* Build configuration list for PBXNativeTarget "SingleThreadedExecution" */ = {
			isa = XCConfigurationList;
			buildConfigurations = (
				BDD5CCE52153FB8600041F0C /* Debug */,
				BDD5CCE62153FB8600041F0C /* Release */,
			);
			defaultConfigurationIsVisible = 0;
			defaultConfigurationName = Release;
		};
/* End XCConfigurationList section */
	};
	rootObject = BDD5CCC62153FB8500041F0C /* Project object */;
}
